
Microsoft Visual Studio Solution File, Format Version 12.00
# Visual Studio Version 16
VisualStudioVersion = 16.0.30907.101
MinimumVisualStudioVersion = 10.0.40219.1
Project("{FAE04EC0-301F-11D3-BF4B-00C04F79EFBC}") = "Hangman", "Hangman\Hangman.csproj", "{7BC7B433-94A3-4C37-B541-4845E9F5B96D}"
EndProject
Global
	GlobalSection(SolutionConfigurationPlatforms) = preSolution
		Debug|Any CPU = Debug|Any CPU
		Release|Any CPU = Release|Any CPU
	EndGlobalSection
	GlobalSection(ProjectConfigurationPlatforms) = postSolution
		{7BC7B433-94A3-4C37-B541-4845E9F5B96D}.Debug|Any CPU.ActiveCfg = Debug|Any CPU
		{7BC7B433-94A3-4C37-B541-4845E9F5B96D}.Debug|Any CPU.Build.0 = Debug|Any CPU
		{7BC7B433-94A3-4C37-B541-4845E9F5B96D}.Release|Any CPU.ActiveCfg = Release|Any CPU
		{7BC7B433-94A3-4C37-B541-4845E9F5B96D}.Release|Any CPU.Build.0 = Release|Any CPU
	EndGlobalSection
	GlobalSection(SolutionProperties) = preSolution
		HideSolutionNode = FALSE
	EndGlobalSection
	GlobalSection(ExtensibilityGlobals) = postSolution
		SolutionGuid = {C92EEEB4-6D71-48B1-86A0-0D4112A3E9D6}
	EndGlobalSection
EndGlobal
